
Microsoft Visual Studio Solution File, Format Version 12.00
# Visual Studio Version 16
VisualStudioVersion = 16.0.30611.23
MinimumVisualStudioVersion = 10.0.40219.1
Project("{FAE04EC0-301F-11D3-BF4B-00C04F79EFBC}") = "Concert_Booking_Project", "Concert_Booking_Project\Concert_Booking_Project.csproj", "{DB53BE2E-B53C-4E31-88FA-808A99E42369}"
EndProject
Project("{FAE04EC0-301F-11D3-BF4B-00C04F79EFBC}") = "Concert_Booking_Project_Tests", "Concert_Booking_Project_Tests\Concert_Booking_Project_Tests.csproj", "{64D06D44-9A84-49E0-A228-65BF8912FE3F}"
EndProject
Project("{FAE04EC0-301F-11D3-BF4B-00C04F79EFBC}") = "Concert_Booking_WPF_App", "Concert_Booking_WPF_App\Concert_Booking_WPF_App.csproj", "{4A1EE12F-C324-40AB-9344-608212B3B9C2}"
EndProject
Global
	GlobalSection(SolutionConfigurationPlatforms) = preSolution
		Debug|Any CPU = Debug|Any CPU
		Release|Any CPU = Release|Any CPU
	EndGlobalSection
	GlobalSection(ProjectConfigurationPlatforms) = postSolution
		{DB53BE2E-B53C-4E31-88FA-808A99E42369}.Debug|Any CPU.ActiveCfg = Debug|Any CPU
		{DB53BE2E-B53C-4E31-88FA-808A99E42369}.Debug|Any CPU.Build.0 = Debug|Any CPU
		{DB53BE2E-B53C-4E31-88FA-808A99E42369}.Release|Any CPU.ActiveCfg = Release|Any CPU
		{DB53BE2E-B53C-4E31-88FA-808A99E42369}.Release|Any CPU.Build.0 = Release|Any CPU
		{64D06D44-9A84-49E0-A228-65BF8912FE3F}.Debug|Any CPU.ActiveCfg = Debug|Any CPU
		{64D06D44-9A84-49E0-A228-65BF8912FE3F}.Debug|Any CPU.Build.0 = Debug|Any CPU
		{64D06D44-9A84-49E0-A228-65BF8912FE3F}.Release|Any CPU.ActiveCfg = Release|Any CPU
		{64D06D44-9A84-49E0-A228-65BF8912FE3F}.Release|Any CPU.Build.0 = Release|Any CPU
		{4A1EE12F-C324-40AB-9344-608212B3B9C2}.Debug|Any CPU.ActiveCfg = Debug|Any CPU
		{4A1EE12F-C324-40AB-9344-608212B3B9C2}.Debug|Any CPU.Build.0 = Debug|Any CPU
		{4A1EE12F-C324-40AB-9344-608212B3B9C2}.Release|Any CPU.ActiveCfg = Release|Any CPU
		{4A1EE12F-C324-40AB-9344-608212B3B9C2}.Release|Any CPU.Build.0 = Release|Any CPU
	EndGlobalSection
	GlobalSection(SolutionProperties) = preSolution
		HideSolutionNode = FALSE
	EndGlobalSection
	GlobalSection(ExtensibilityGlobals) = postSolution
		SolutionGuid = {7F53970B-54DB-488E-BD4B-DE67B6510FF4}
	EndGlobalSection
EndGlobal
